<?xml version="1.0" encoding="utf-8"?>
<Project ToolsVersion="4.0" xmlns="http://schemas.microsoft.com/developer/msbuild/2003">
  <ItemGroup>
    <Filter Include="App">
      <UniqueIdentifier>{10f0b564-29ff-471b-ada9-15bba339fba0}</UniqueIdentifier>
    </Filter>
    <Filter Include="GameEngine">
      <UniqueIdentifier>{e4b1f8f7-12eb-4c75-865a-9a03ff5f939c}</UniqueIdentifier>
    </Filter>
    <Filter Include="GameEngine\WindowingSystem">
      <UniqueIdentifier>{4a234d0b-eafc-4a2f-8c81-7238b728877d}</UniqueIdentifier>
    </Filter>
    <Filter Include="GameEngine\GraphicsEngine">
      <UniqueIdentifier>{d5b20e48-8694-4473-9e1a-00433fb208ec}</UniqueIdentifier>
    </Filter>
    <Filter Include="GameEngine\GraphicsEngine\SwapChain">
      <UniqueIdentifier>{20ab64d1-2da2-4027-8263-a1b7e4e5301a}</UniqueIdentifier>
    </Filter>
    <Filter Include="GameEngine\GraphicsEngine\DeviceContext">
      <UniqueIdentifier>{4e4d2bce-13a5-45bf-a856-eb40eb2cc400}</UniqueIdentifier>
    </Filter>
    <Filter Include="GameEngine\GraphicsEngine\VertexBuffer">
      <UniqueIdentifier>{5ade8052-336e-4888-bc7e-214d1293c0d6}</UniqueIdentifier>
    </Filter>
    <Filter Include="GameEngine\GraphicsEngine\VertexShader">
      <UniqueIdentifier>{647c37e4-bbcf-4342-b0cd-2f1c21422cf4}</UniqueIdentifier>
    </Filter>
    <Filter Include="GameEngine\GraphicsEngine\PixelShader">
      <UniqueIdentifier>{90faffa6-2f37-40a6-a260-98856b51c46f}</UniqueIdentifier>
    </Filter>
    <Filter Include="GameEngine\GraphicsEngine\ConstantBuffer">
      <UniqueIdentifier>{1f26a76f-79e0-492d-a352-47aa94a8461b}</UniqueIdentifier>
    </Filter>
    <Filter Include="GameEngine\EngineTime">
      <UniqueIdentifier>{ce0f722d-bb1e-448f-92dd-38630b0ba6b5}</UniqueIdentifier>
    </Filter>
    <Filter Include="GameEngine\Math">
      <UniqueIdentifier>{b1370853-ad56-44d0-9f0a-6bcd140b2f33}</UniqueIdentifier>
    </Filter>
    <Filter Include="GameEngine\GraphicsEngine\IndexBuffer">
      <UniqueIdentifier>{e34bc346-da57-4191-9b0c-67eadb816de7}</UniqueIdentifier>
    </Filter>
    <Filter Include="GameEngine\GameObject">
      <UniqueIdentifier>{9d4abb4b-c032-40c3-90ac-8510f0ff0037}</UniqueIdentifier>
    </Filter>
    <Filter Include="GameEngine\InputSystem">
      <UniqueIdentifier>{e36d3be6-6c1b-413a-b96c-7668a3b94d3c}</UniqueIdentifier>
    </Filter>
    <Filter Include="ThirdParty">
      <UniqueIdentifier>{09960fad-9191-4c66-bd40-bc83e8be84f2}</UniqueIdentifier>
    </Filter>
    <Filter Include="ThirdParty\IMGUI">
      <UniqueIdentifier>{c6c05f3d-8aaa-478d-8dc3-80ade9bb697e}</UniqueIdentifier>
    </Filter>
    <Filter Include="GameEngine\UISystem">
      <UniqueIdentifier>{45f61beb-fdb3-43ea-860b-549ff0bd9cf6}</UniqueIdentifier>
    </Filter>
    <Filter Include="GameEngine\Screens">
      <UniqueIdentifier>{39259d39-56b4-4043-bd7e-9a65a6e576a9}</UniqueIdentifier>
    </Filter>
    <Filter Include="GameEngine\ComponentSystem">
      <UniqueIdentifier>{d1a3305e-47c4-4b6f-999f-023b8f189a6d}</UniqueIdentifier>
    </Filter>
    <Filter Include="GameEngine\PhysicsSystem">
      <UniqueIdentifier>{90194909-6b85-4a57-a754-859fd63e7a2f}</UniqueIdentifier>
    </Filter>
    <Filter Include="GameEngine\Shaders">
      <UniqueIdentifier>{39e36169-6811-40cc-abd6-35d7bd222206}</UniqueIdentifier>
    </Filter>
  </ItemGroup>
  <ItemGroup>
    <ClCompile Include="main.cpp">
      <Filter>App</Filter>
    </ClCompile>
    <ClCompile Include="AppWindow.cpp">
      <Filter>App</Filter>
    </ClCompile>
    <ClCompile Include="Window.cpp">
      <Filter>GameEngine\WindowingSystem</Filter>
    </ClCompile>
    <ClCompile Include="GraphicsEngine.cpp">
      <Filter>GameEngine\GraphicsEngine</Filter>
    </ClCompile>
    <ClCompile Include="SwapChain.cpp">
      <Filter>GameEngine\GraphicsEngine\SwapChain</Filter>
    </ClCompile>
    <ClCompile Include="DeviceContext.cpp">
      <Filter>GameEngine\GraphicsEngine\DeviceContext</Filter>
    </ClCompile>
    <ClCompile Include="VertexBuffer.cpp">
      <Filter>GameEngine\GraphicsEngine\VertexBuffer</Filter>
    </ClCompile>
    <ClCompile Include="VertexShader.cpp">
      <Filter>GameEngine\GraphicsEngine\VertexShader</Filter>
    </ClCompile>
    <ClCompile Include="PixelShader.cpp">
      <Filter>GameEngine\GraphicsEngine\PixelShader</Filter>
    </ClCompile>
    <ClCompile Include="ConstantBuffer.cpp">
      <Filter>GameEngine\GraphicsEngine\ConstantBuffer</Filter>
    </ClCompile>
    <ClCompile Include="EngineTime.cpp">
      <Filter>GameEngine\EngineTime</Filter>
    </ClCompile>
    <ClCompile Include="IndexBuffer.cpp">
      <Filter>GameEngine\GraphicsEngine\IndexBuffer</Filter>
    </ClCompile>
    <ClCompile Include="AGameObject.cpp">
      <Filter>GameEngine\GameObject</Filter>
    </ClCompile>
    <ClCompile Include="Cube.cpp">
      <Filter>GameEngine\GameObject</Filter>
    </ClCompile>
    <ClCompile Include="InputSystem.cpp">
      <Filter>GameEngine\InputSystem</Filter>
    </ClCompile>
    <ClCompile Include="Camera.cpp">
      <Filter>GameEngine\GameObject</Filter>
    </ClCompile>
    <ClCompile Include="SceneCameraHandler.cpp">
      <Filter>GameEngine\GameObject</Filter>
    </ClCompile>
    <ClCompile Include="AUIScreen.cpp">
      <Filter>GameEngine\UISystem</Filter>
    </ClCompile>
    <ClCompile Include="UIManager.cpp">
      <Filter>GameEngine\UISystem</Filter>
    </ClCompile>
    <ClCompile Include="OutlinerScreen.cpp">
      <Filter>GameEngine\Screens</Filter>
    </ClCompile>
    <ClCompile Include="InspectorScreen.cpp">
      <Filter>GameEngine\Screens</Filter>
    </ClCompile>
    <ClCompile Include="ToolbarScreen.cpp">
      <Filter>GameEngine\Screens</Filter>
    </ClCompile>
    <ClCompile Include="ProfilerScreen.cpp">
      <Filter>GameEngine\Screens</Filter>
    </ClCompile>
    <ClCompile Include="GameObjectManager.cpp">
      <Filter>GameEngine\GameObject</Filter>
    </ClCompile>
    <ClCompile Include="includes\imgui\imgui.cpp">
      <Filter>ThirdParty\IMGUI</Filter>
    </ClCompile>
    <ClCompile Include="includes\imgui\imgui_demo.cpp">
      <Filter>ThirdParty\IMGUI</Filter>
    </ClCompile>
    <ClCompile Include="includes\imgui\imgui_draw.cpp">
      <Filter>ThirdParty\IMGUI</Filter>
    </ClCompile>
    <ClCompile Include="includes\imgui\imgui_tables.cpp">
      <Filter>ThirdParty\IMGUI</Filter>
    </ClCompile>
    <ClCompile Include="includes\imgui\imgui_widgets.cpp">
      <Filter>ThirdParty\IMGUI</Filter>
    </ClCompile>
    <ClCompile Include="includes\imgui\backends\imgui_impl_dx11.cpp">
      <Filter>ThirdParty\IMGUI</Filter>
    </ClCompile>
    <ClCompile Include="includes\imgui\backends\imgui_impl_win32.cpp">
      <Filter>ThirdParty\IMGUI</Filter>
    </ClCompile>
    <ClCompile Include="includes\imgui\misc\cpp\imgui_stdlib.cpp">
      <Filter>ThirdParty\IMGUI</Filter>
    </ClCompile>
    <ClCompile Include="BaseComponentSystem.cpp">
      <Filter>GameEngine\ComponentSystem</Filter>
    </ClCompile>
    <ClCompile Include="PhysicsSystem.cpp">
      <Filter>GameEngine\PhysicsSystem</Filter>
    </ClCompile>
    <ClCompile Include="AComponent.cpp">
      <Filter>GameEngine\ComponentSystem</Filter>
    </ClCompile>
    <ClCompile Include="PhysicsComponent.cpp">
      <Filter>GameEngine\PhysicsSystem</Filter>
    </ClCompile>
    <ClCompile Include="PhysicsCube.cpp">
      <Filter>GameEngine\GameObject</Filter>
    </ClCompile>
    <ClCompile Include="ShaderLibrary.cpp">
      <Filter>GameEngine\Shaders</Filter>
    </ClCompile>
    <ClCompile Include="PhysicsPlane.cpp">
      <Filter>GameEngine\GameObject</Filter>
    </ClCompile>
    <ClCompile Include="Plane.cpp">
      <Filter>GameEngine\GameObject</Filter>
    </ClCompile>
  </ItemGroup>
  <ItemGroup>
    <ClInclude Include="AppWindow.h">
      <Filter>App</Filter>
    </ClInclude>
    <ClInclude Include="Window.h">
      <Filter>GameEngine\WindowingSystem</Filter>
    </ClInclude>
    <ClInclude Include="GraphicsEngine.h">
      <Filter>GameEngine\GraphicsEngine</Filter>
    </ClInclude>
    <ClInclude Include="SwapChain.h">
      <Filter>GameEngine\GraphicsEngine\SwapChain</Filter>
    </ClInclude>
    <ClInclude Include="DeviceContext.h">
      <Filter>GameEngine\GraphicsEngine\DeviceContext</Filter>
    </ClInclude>
    <ClInclude Include="VertexBuffer.h">
      <Filter>GameEngine\GraphicsEngine\VertexBuffer</Filter>
    </ClInclude>
    <ClInclude Include="VertexShader.h">
      <Filter>GameEngine\GraphicsEngine\VertexShader</Filter>
    </ClInclude>
    <ClInclude Include="PixelShader.h">
      <Filter>GameEngine\GraphicsEngine\PixelShader</Filter>
    </ClInclude>
    <ClInclude Include="ConstantBuffer.h">
      <Filter>GameEngine\GraphicsEngine\ConstantBuffer</Filter>
    </ClInclude>
    <ClInclude Include="EngineTime.h">
      <Filter>GameEngine\EngineTime</Filter>
    </ClInclude>
    <ClInclude Include="Vector3D.h">
      <Filter>GameEngine\Math</Filter>
    </ClInclude>
    <ClInclude Include="Matrix4x4.h">
      <Filter>GameEngine\Math</Filter>
    </ClInclude>
    <ClInclude Include="IndexBuffer.h">
      <Filter>GameEngine\GraphicsEngine\IndexBuffer</Filter>
    </ClInclude>
    <ClInclude Include="AGameObject.h">
      <Filter>GameEngine\GameObject</Filter>
    </ClInclude>
    <ClInclude Include="Cube.h">
      <Filter>GameEngine\GameObject</Filter>
    </ClInclude>
    <ClInclude Include="InputSystem.h">
      <Filter>GameEngine\InputSystem</Filter>
    </ClInclude>
    <ClInclude Include="InputListener.h">
      <Filter>GameEngine\InputSystem</Filter>
    </ClInclude>
    <ClInclude Include="Point.h">
      <Filter>GameEngine\Math</Filter>
    </ClInclude>
    <ClInclude Include="Camera.h">
      <Filter>GameEngine\GameObject</Filter>
    </ClInclude>
    <ClInclude Include="Vector4D.h">
      <Filter>GameEngine\Math</Filter>
    </ClInclude>
    <ClInclude Include="SceneCameraHandler.h">
      <Filter>GameEngine\GameObject</Filter>
    </ClInclude>
    <ClInclude Include="AUIScreen.h">
      <Filter>GameEngine\UISystem</Filter>
    </ClInclude>
    <ClInclude Include="UIManager.h">
      <Filter>GameEngine\UISystem</Filter>
    </ClInclude>
    <ClInclude Include="OutlinerScreen.h">
      <Filter>GameEngine\Screens</Filter>
    </ClInclude>
    <ClInclude Include="InspectorScreen.h">
      <Filter>GameEngine\Screens</Filter>
    </ClInclude>
    <ClInclude Include="ToolbarScreen.h">
      <Filter>GameEngine\Screens</Filter>
    </ClInclude>
    <ClInclude Include="ProfilerScreen.h">
      <Filter>GameEngine\Screens</Filter>
    </ClInclude>
    <ClInclude Include="GameObjectManager.h">
      <Filter>GameEngine\GameObject</Filter>
    </ClInclude>
    <ClInclude Include="includes\imgui\imconfig.h">
      <Filter>ThirdParty\IMGUI</Filter>
    </ClInclude>
    <ClInclude Include="includes\imgui\imgui.h">
      <Filter>ThirdParty\IMGUI</Filter>
    </ClInclude>
    <ClInclude Include="includes\imgui\imgui_internal.h">
      <Filter>ThirdParty\IMGUI</Filter>
    </ClInclude>
    <ClInclude Include="includes\imgui\imstb_rectpack.h">
      <Filter>ThirdParty\IMGUI</Filter>
    </ClInclude>
    <ClInclude Include="includes\imgui\imstb_textedit.h">
      <Filter>ThirdParty\IMGUI</Filter>
    </ClInclude>
    <ClInclude Include="includes\imgui\imstb_truetype.h">
      <Filter>ThirdParty\IMGUI</Filter>
    </ClInclude>
    <ClInclude Include="includes\imgui\backends\imgui_impl_dx11.h">
      <Filter>ThirdParty\IMGUI</Filter>
    </ClInclude>
    <ClInclude Include="includes\imgui\backends\imgui_impl_win32.h">
      <Filter>ThirdParty\IMGUI</Filter>
    </ClInclude>
    <ClInclude Include="includes\imgui\misc\cpp\imgui_stdlib.h">
      <Filter>ThirdParty\IMGUI</Filter>
    </ClInclude>
    <ClInclude Include="BaseComponentSystem.h">
      <Filter>GameEngine\ComponentSystem</Filter>
    </ClInclude>
    <ClInclude Include="PhysicsSystem.h">
      <Filter>GameEngine\PhysicsSystem</Filter>
    </ClInclude>
    <ClInclude Include="AComponent.h">
      <Filter>GameEngine\ComponentSystem</Filter>
    </ClInclude>
    <ClInclude Include="PhysicsComponent.h">
      <Filter>GameEngine\PhysicsSystem</Filter>
    </ClInclude>
    <ClInclude Include="PhysicsCube.h">
      <Filter>GameEngine\GameObject</Filter>
    </ClInclude>
    <ClInclude Include="ShaderLibrary.h">
      <Filter>GameEngine\Shaders</Filter>
    </ClInclude>
    <ClInclude Include="PhysicsPlane.h">
      <Filter>GameEngine\GameObject</Filter>
    </ClInclude>
    <ClInclude Include="Plane.h">
      <Filter>GameEngine\GameObject</Filter>
    </ClInclude>
  </ItemGroup>
  <ItemGroup>
    <FxCompile Include="VertexShader.hlsl">
      <Filter>App</Filter>
    </FxCompile>
    <FxCompile Include="PixelShader.hlsl">
      <Filter>App</Filter>
    </FxCompile>
  </ItemGroup>
</Project>